
Microsoft Visual Studio Solution File, Format Version 12.00
# Visual Studio 15
VisualStudioVersion = 15.0.28307.168
MinimumVisualStudioVersion = 10.0.40219.1
Project("{FAE04EC0-301F-11D3-BF4B-00C04F79EFBC}") = "PasswordsBase", "PasswordsBase\PasswordsBase.csproj", "{08AE5E65-83C1-41A7-AA70-5A436CFB1853}"
EndProject
Global
	GlobalSection(SolutionConfigurationPlatforms) = preSolution
		Debug|Any CPU = Debug|Any CPU
		Release|Any CPU = Release|Any CPU
	EndGlobalSection
	GlobalSection(ProjectConfigurationPlatforms) = postSolution
		{08AE5E65-83C1-41A7-AA70-5A436CFB1853}.Debug|Any CPU.ActiveCfg = Debug|Any CPU
		{08AE5E65-83C1-41A7-AA70-5A436CFB1853}.Debug|Any CPU.Build.0 = Debug|Any CPU
		{08AE5E65-83C1-41A7-AA70-5A436CFB1853}.Release|Any CPU.ActiveCfg = Release|Any CPU
		{08AE5E65-83C1-41A7-AA70-5A436CFB1853}.Release|Any CPU.Build.0 = Release|Any CPU
	EndGlobalSection
	GlobalSection(SolutionProperties) = preSolution
		HideSolutionNode = FALSE
	EndGlobalSection
	GlobalSection(ExtensibilityGlobals) = postSolution
		SolutionGuid = {1B5CD791-DE31-415D-B566-6EE77C4203D9}
	EndGlobalSection
EndGlobal
